// !$*UTF8*$!
{
	archiveVersion = 1;
	classes = {
	};
	objectVersion = 46;
	objects = {

/* Begin PBXBuildFile section */
		0706117618E5F09A00CEE8AD /* CoreText.framework in Frameworks */ = {isa = PBXBuildFile; fileRef = 0706117518E5F09A00CEE8AD /* CoreText.framework */; };
		0799189B18EDE38F00A4CC3C /* CoreMotion.framework in Frameworks */ = {isa = PBXBuildFile; fileRef = 0799189A18EDE38F00A4CC3C /* CoreMotion.framework */; };
		079918A118EDE7B700A4CC3C /* PRYColorPicker.m in Sources */ = {isa = PBXBuildFile; fileRef = 079918A018EDE7B700A4CC3C /* PRYColorPicker.m */; };
		07DCCB6C18E46A66004A786C /* Foundation.framework in Frameworks */ = {isa = PBXBuildFile; fileRef = 07DCCB6B18E46A66004A786C /* Foundation.framework */; };
		07DCCB6E18E46A66004A786C /* CoreGraphics.framework in Frameworks */ = {isa = PBXBuildFile; fileRef = 07DCCB6D18E46A66004A786C /* CoreGraphics.framework */; };
		07DCCB7018E46A66004A786C /* UIKit.framework in Frameworks */ = {isa = PBXBuildFile; fileRef = 07DCCB6F18E46A66004A786C /* UIKit.framework */; };
		07DCCB7218E46A66004A786C /* CoreData.framework in Frameworks */ = {isa = PBXBuildFile; fileRef = 07DCCB7118E46A66004A786C /* CoreData.framework */; };
		07DCCB7818E46A66004A786C /* InfoPlist.strings in Resources */ = {isa = PBXBuildFile; fileRef = 07DCCB7618E46A66004A786C /* InfoPlist.strings */; };
		07DCCB7A18E46A66004A786C /* main.m in Sources */ = {isa = PBXBuildFile; fileRef = 07DCCB7918E46A66004A786C /* main.m */; };
		07DCCB7E18E46A66004A786C /* AppDelegate.m in Sources */ = {isa = PBXBuildFile; fileRef = 07DCCB7D18E46A66004A786C /* AppDelegate.m */; };
		07DCCB8118E46A66004A786C /* DrawingBoard.xcdatamodeld in Sources */ = {isa = PBXBuildFile; fileRef = 07DCCB7F18E46A66004A786C /* DrawingBoard.xcdatamodeld */; };
		07DCCB8318E46A66004A786C /* Images.xcassets in Resources */ = {isa = PBXBuildFile; fileRef = 07DCCB8218E46A66004A786C /* Images.xcassets */; };
		07DCCB8A18E46A66004A786C /* XCTest.framework in Frameworks */ = {isa = PBXBuildFile; fileRef = 07DCCB8918E46A66004A786C /* XCTest.framework */; };
		07DCCB8B18E46A66004A786C /* Foundation.framework in Frameworks */ = {isa = PBXBuildFile; fileRef = 07DCCB6B18E46A66004A786C /* Foundation.framework */; };
		07DCCB8C18E46A66004A786C /* UIKit.framework in Frameworks */ = {isa = PBXBuildFile; fileRef = 07DCCB6F18E46A66004A786C /* UIKit.framework */; };
		07DCCB8D18E46A66004A786C /* CoreData.framework in Frameworks */ = {isa = PBXBuildFile; fileRef = 07DCCB7118E46A66004A786C /* CoreData.framework */; };
		07DCCB9518E46A66004A786C /* InfoPlist.strings in Resources */ = {isa = PBXBuildFile; fileRef = 07DCCB9318E46A66004A786C /* InfoPlist.strings */; };
		07DCCB9718E46A66004A786C /* DrawingBoardTests.m in Sources */ = {isa = PBXBuildFile; fileRef = 07DCCB9618E46A66004A786C /* DrawingBoardTests.m */; };
		07DCCBA118E46A88004A786C /* MainStoryboard.storyboard in Resources */ = {isa = PBXBuildFile; fileRef = 07DCCBA018E46A88004A786C /* MainStoryboard.storyboard */; };
		07DCCBA418E472E8004A786C /* SplashViewController.m in Sources */ = {isa = PBXBuildFile; fileRef = 07DCCBA318E472E8004A786C /* SplashViewController.m */; };
		27166948190058B2008082C9 /* ColorPicker.png in Resources */ = {isa = PBXBuildFile; fileRef = 27166944190058B2008082C9 /* ColorPicker.png */; };
		27166949190058B2008082C9 /* ColorPicker@2x.png in Resources */ = {isa = PBXBuildFile; fileRef = 27166945190058B2008082C9 /* ColorPicker@2x.png */; };
		2716694E19017FB1008082C9 /* NSData+Godzippa.m in Sources */ = {isa = PBXBuildFile; fileRef = 2716694D19017FB1008082C9 /* NSData+Godzippa.m */; };
		277D70A718FF588900B428F6 /* CanvasScrollView.m in Sources */ = {isa = PBXBuildFile; fileRef = 277D70A618FF588900B428F6 /* CanvasScrollView.m */; };
		277D70AC18FF629700B428F6 /* MainiPadStoryboard.storyboard in Resources */ = {isa = PBXBuildFile; fileRef = 277D70AB18FF629700B428F6 /* MainiPadStoryboard.storyboard */; };
		27802A1C18F72EDE00B84189 /* FancyPoint.m in Sources */ = {isa = PBXBuildFile; fileRef = 27802A1B18F72EDE00B84189 /* FancyPoint.m */; };
		27802A2918F74A1300B84189 /* libz.dylib in Frameworks */ = {isa = PBXBuildFile; fileRef = 27802A2818F74A1300B84189 /* libz.dylib */; };
		27802A3118F7566300B84189 /* RIButtonItem.m in Sources */ = {isa = PBXBuildFile; fileRef = 27802A2C18F7566300B84189 /* RIButtonItem.m */; };
		27802A3218F7566300B84189 /* UIActionSheet+Blocks.m in Sources */ = {isa = PBXBuildFile; fileRef = 27802A2E18F7566300B84189 /* UIActionSheet+Blocks.m */; };
		27802A3318F7566300B84189 /* UIAlertView+Blocks.m in Sources */ = {isa = PBXBuildFile; fileRef = 27802A3018F7566300B84189 /* UIAlertView+Blocks.m */; };
		2780524A18EDF84C009C1B21 /* MPCHandler.m in Sources */ = {isa = PBXBuildFile; fileRef = 2780524918EDF84C009C1B21 /* MPCHandler.m */; };
		27984C4418E7256100A19A43 /* CanvasViewController.m in Sources */ = {isa = PBXBuildFile; fileRef = 27984C4318E7256100A19A43 /* CanvasViewController.m */; };
		27B046811900261D0062C302 /* NKOColorPickerView.m in Sources */ = {isa = PBXBuildFile; fileRef = 27B046801900261D0062C302 /* NKOColorPickerView.m */; };
		27B04686190026250062C302 /* nko_brightness_guide.png in Resources */ = {isa = PBXBuildFile; fileRef = 27B04683190026250062C302 /* nko_brightness_guide.png */; };
		27B04687190026250062C302 /* nko_brightness_guide@2x.png in Resources */ = {isa = PBXBuildFile; fileRef = 27B04684190026250062C302 /* nko_brightness_guide@2x.png */; };
		27B04688190026250062C302 /* nko_colormap.png in Resources */ = {isa = PBXBuildFile; fileRef = 27B04685190026250062C302 /* nko_colormap.png */; };
		27B0468E19002E530062C302 /* WYPopoverController.m in Sources */ = {isa = PBXBuildFile; fileRef = 27B0468B19002E530062C302 /* WYPopoverController.m */; };
		27B0468F19002E530062C302 /* WYStoryboardPopoverSegue.m in Sources */ = {isa = PBXBuildFile; fileRef = 27B0468D19002E530062C302 /* WYStoryboardPopoverSegue.m */; };
		27B0469719004BF40062C302 /* Reply@2x.png in Resources */ = {isa = PBXBuildFile; fileRef = 27B0469619004BF40062C302 /* Reply@2x.png */; };
		27B0469919004C090062C302 /* Trash@2x.png in Resources */ = {isa = PBXBuildFile; fileRef = 27B0469819004C090062C302 /* Trash@2x.png */; };
		27B0469B19004C230062C302 /* Mobile_Signal@2x.png in Resources */ = {isa = PBXBuildFile; fileRef = 27B0469A19004C230062C302 /* Mobile_Signal@2x.png */; };
		27B0469F19004C380062C302 /* Download@2x.png in Resources */ = {isa = PBXBuildFile; fileRef = 27B0469E19004C380062C302 /* Download@2x.png */; };
		27B046A119004C900062C302 /* Download.png in Resources */ = {isa = PBXBuildFile; fileRef = 27B046A019004C900062C302 /* Download.png */; };
		27B046A319004C9B0062C302 /* Mobile_Signal.png in Resources */ = {isa = PBXBuildFile; fileRef = 27B046A219004C9B0062C302 /* Mobile_Signal.png */; };
		27B046A519004CA20062C302 /* Reply.png in Resources */ = {isa = PBXBuildFile; fileRef = 27B046A419004CA20062C302 /* Reply.png */; };
		27B046A919004CAF0062C302 /* Trash.png in Resources */ = {isa = PBXBuildFile; fileRef = 27B046A819004CAF0062C302 /* Trash.png */; };
		442C153418EDE990009D043C /* OptionViewController.m in Sources */ = {isa = PBXBuildFile; fileRef = 442C153318EDE990009D043C /* OptionViewController.m */; };
/* End PBXBuildFile section */

/* Begin PBXContainerItemProxy section */
		07DCCB8E18E46A66004A786C /* PBXContainerItemProxy */ = {
			isa = PBXContainerItemProxy;
			containerPortal = 07DCCB6018E46A66004A786C /* Project object */;
			proxyType = 1;
			remoteGlobalIDString = 07DCCB6718E46A66004A786C;
			remoteInfo = DrawingBoard;
		};
/* End PBXContainerItemProxy section */

/* Begin PBXFileReference section */
		0706117518E5F09A00CEE8AD /* CoreText.framework */ = {isa = PBXFileReference; lastKnownFileType = wrapper.framework; name = CoreText.framework; path = System/Library/Frameworks/CoreText.framework; sourceTree = SDKROOT; };
		0799189A18EDE38F00A4CC3C /* CoreMotion.framework */ = {isa = PBXFileReference; lastKnownFileType = wrapper.framework; name = CoreMotion.framework; path = System/Library/Frameworks/CoreMotion.framework; sourceTree = SDKROOT; };
		0799189F18EDE7B700A4CC3C /* PRYColorPicker.h */ = {isa = PBXFileReference; fileEncoding = 4; lastKnownFileType = sourcecode.c.h; path = PRYColorPicker.h; sourceTree = "<group>"; };
		079918A018EDE7B700A4CC3C /* PRYColorPicker.m */ = {isa = PBXFileReference; fileEncoding = 4; lastKnownFileType = sourcecode.c.objc; path = PRYColorPicker.m; sourceTree = "<group>"; };
		07DCCB6818E46A66004A786C /* DrawingBoard.app */ = {isa = PBXFileReference; explicitFileType = wrapper.application; includeInIndex = 0; path = DrawingBoard.app; sourceTree = BUILT_PRODUCTS_DIR; };
		07DCCB6B18E46A66004A786C /* Foundation.framework */ = {isa = PBXFileReference; lastKnownFileType = wrapper.framework; name = Foundation.framework; path = System/Library/Frameworks/Foundation.framework; sourceTree = SDKROOT; };
		07DCCB6D18E46A66004A786C /* CoreGraphics.framework */ = {isa = PBXFileReference; lastKnownFileType = wrapper.framework; name = CoreGraphics.framework; path = System/Library/Frameworks/CoreGraphics.framework; sourceTree = SDKROOT; };
		07DCCB6F18E46A66004A786C /* UIKit.framework */ = {isa = PBXFileReference; lastKnownFileType = wrapper.framework; name = UIKit.framework; path = System/Library/Frameworks/UIKit.framework; sourceTree = SDKROOT; };
		07DCCB7118E46A66004A786C /* CoreData.framework */ = {isa = PBXFileReference; lastKnownFileType = wrapper.framework; name = CoreData.framework; path = System/Library/Frameworks/CoreData.framework; sourceTree = SDKROOT; };
		07DCCB7518E46A66004A786C /* DrawingBoard-Info.plist */ = {isa = PBXFileReference; lastKnownFileType = text.plist.xml; path = "DrawingBoard-Info.plist"; sourceTree = "<group>"; };
		07DCCB7718E46A66004A786C /* en */ = {isa = PBXFileReference; lastKnownFileType = text.plist.strings; name = en; path = en.lproj/InfoPlist.strings; sourceTree = "<group>"; };
		07DCCB7918E46A66004A786C /* main.m */ = {isa = PBXFileReference; lastKnownFileType = sourcecode.c.objc; path = main.m; sourceTree = "<group>"; };
		07DCCB7B18E46A66004A786C /* DrawingBoard-Prefix.pch */ = {isa = PBXFileReference; lastKnownFileType = sourcecode.c.h; path = "DrawingBoard-Prefix.pch"; sourceTree = "<group>"; };
		07DCCB7C18E46A66004A786C /* AppDelegate.h */ = {isa = PBXFileReference; lastKnownFileType = sourcecode.c.h; path = AppDelegate.h; sourceTree = "<group>"; };
		07DCCB7D18E46A66004A786C /* AppDelegate.m */ = {isa = PBXFileReference; lastKnownFileType = sourcecode.c.objc; path = AppDelegate.m; sourceTree = "<group>"; };
		07DCCB8018E46A66004A786C /* DrawingBoard.xcdatamodel */ = {isa = PBXFileReference; lastKnownFileType = wrapper.xcdatamodel; path = DrawingBoard.xcdatamodel; sourceTree = "<group>"; };
		07DCCB8218E46A66004A786C /* Images.xcassets */ = {isa = PBXFileReference; lastKnownFileType = folder.assetcatalog; path = Images.xcassets; sourceTree = "<group>"; };
		07DCCB8818E46A66004A786C /* DrawingBoardTests.xctest */ = {isa = PBXFileReference; explicitFileType = wrapper.cfbundle; includeInIndex = 0; path = DrawingBoardTests.xctest; sourceTree = BUILT_PRODUCTS_DIR; };
		07DCCB8918E46A66004A786C /* XCTest.framework */ = {isa = PBXFileReference; lastKnownFileType = wrapper.framework; name = XCTest.framework; path = Library/Frameworks/XCTest.framework; sourceTree = DEVELOPER_DIR; };
		07DCCB9218E46A66004A786C /* DrawingBoardTests-Info.plist */ = {isa = PBXFileReference; lastKnownFileType = text.plist.xml; path = "DrawingBoardTests-Info.plist"; sourceTree = "<group>"; };
		07DCCB9418E46A66004A786C /* en */ = {isa = PBXFileReference; lastKnownFileType = text.plist.strings; name = en; path = en.lproj/InfoPlist.strings; sourceTree = "<group>"; };
		07DCCB9618E46A66004A786C /* DrawingBoardTests.m */ = {isa = PBXFileReference; lastKnownFileType = sourcecode.c.objc; path = DrawingBoardTests.m; sourceTree = "<group>"; };
		07DCCBA018E46A88004A786C /* MainStoryboard.storyboard */ = {isa = PBXFileReference; fileEncoding = 4; lastKnownFileType = file.storyboard; name = MainStoryboard.storyboard; path = ../MainStoryboard.storyboard; sourceTree = "<group>"; };
		07DCCBA218E472E8004A786C /* SplashViewController.h */ = {isa = PBXFileReference; fileEncoding = 4; lastKnownFileType = sourcecode.c.h; path = SplashViewController.h; sourceTree = "<group>"; };
		07DCCBA318E472E8004A786C /* SplashViewController.m */ = {isa = PBXFileReference; fileEncoding = 4; lastKnownFileType = sourcecode.c.objc; path = SplashViewController.m; sourceTree = "<group>"; };
		27166944190058B2008082C9 /* ColorPicker.png */ = {isa = PBXFileReference; lastKnownFileType = image.png; path = ColorPicker.png; sourceTree = "<group>"; };
		27166945190058B2008082C9 /* ColorPicker@2x.png */ = {isa = PBXFileReference; lastKnownFileType = image.png; path = "ColorPicker@2x.png"; sourceTree = "<group>"; };
		2716694C19017FB1008082C9 /* NSData+Godzippa.h */ = {isa = PBXFileReference; fileEncoding = 4; lastKnownFileType = sourcecode.c.h; path = "NSData+Godzippa.h"; sourceTree = "<group>"; };
		2716694D19017FB1008082C9 /* NSData+Godzippa.m */ = {isa = PBXFileReference; fileEncoding = 4; lastKnownFileType = sourcecode.c.objc; path = "NSData+Godzippa.m"; sourceTree = "<group>"; };
		277D70A518FF588900B428F6 /* CanvasScrollView.h */ = {isa = PBXFileReference; fileEncoding = 4; lastKnownFileType = sourcecode.c.h; path = CanvasScrollView.h; sourceTree = "<group>"; };
		277D70A618FF588900B428F6 /* CanvasScrollView.m */ = {isa = PBXFileReference; fileEncoding = 4; lastKnownFileType = sourcecode.c.objc; path = CanvasScrollView.m; sourceTree = "<group>"; };
		277D70AB18FF629700B428F6 /* MainiPadStoryboard.storyboard */ = {isa = PBXFileReference; fileEncoding = 4; lastKnownFileType = file.storyboard; name = MainiPadStoryboard.storyboard; path = ../MainiPadStoryboard.storyboard; sourceTree = "<group>"; };
		27802A1A18F72EDE00B84189 /* FancyPoint.h */ = {isa = PBXFileReference; fileEncoding = 4; lastKnownFileType = sourcecode.c.h; path = FancyPoint.h; sourceTree = "<group>"; };
		27802A1B18F72EDE00B84189 /* FancyPoint.m */ = {isa = PBXFileReference; fileEncoding = 4; lastKnownFileType = sourcecode.c.objc; path = FancyPoint.m; sourceTree = "<group>"; };
		27802A2018F744BB00B84189 /* libbz2.dylib */ = {isa = PBXFileReference; lastKnownFileType = "compiled.mach-o.dylib"; name = libbz2.dylib; path = usr/lib/libbz2.dylib; sourceTree = SDKROOT; };
		27802A2818F74A1300B84189 /* libz.dylib */ = {isa = PBXFileReference; lastKnownFileType = "compiled.mach-o.dylib"; name = libz.dylib; path = usr/lib/libz.dylib; sourceTree = SDKROOT; };
		27802A2B18F7566300B84189 /* RIButtonItem.h */ = {isa = PBXFileReference; fileEncoding = 4; lastKnownFileType = sourcecode.c.h; path = RIButtonItem.h; sourceTree = "<group>"; };
		27802A2C18F7566300B84189 /* RIButtonItem.m */ = {isa = PBXFileReference; fileEncoding = 4; lastKnownFileType = sourcecode.c.objc; path = RIButtonItem.m; sourceTree = "<group>"; };
		27802A2D18F7566300B84189 /* UIActionSheet+Blocks.h */ = {isa = PBXFileReference; fileEncoding = 4; lastKnownFileType = sourcecode.c.h; path = "UIActionSheet+Blocks.h"; sourceTree = "<group>"; };
		27802A2E18F7566300B84189 /* UIActionSheet+Blocks.m */ = {isa = PBXFileReference; fileEncoding = 4; lastKnownFileType = sourcecode.c.objc; path = "UIActionSheet+Blocks.m"; sourceTree = "<group>"; };
		27802A2F18F7566300B84189 /* UIAlertView+Blocks.h */ = {isa = PBXFileReference; fileEncoding = 4; lastKnownFileType = sourcecode.c.h; path = "UIAlertView+Blocks.h"; sourceTree = "<group>"; };
		27802A3018F7566300B84189 /* UIAlertView+Blocks.m */ = {isa = PBXFileReference; fileEncoding = 4; lastKnownFileType = sourcecode.c.objc; path = "UIAlertView+Blocks.m"; sourceTree = "<group>"; };
		2780524818EDF84C009C1B21 /* MPCHandler.h */ = {isa = PBXFileReference; fileEncoding = 4; lastKnownFileType = sourcecode.c.h; path = MPCHandler.h; sourceTree = "<group>"; };
		2780524918EDF84C009C1B21 /* MPCHandler.m */ = {isa = PBXFileReference; fileEncoding = 4; lastKnownFileType = sourcecode.c.objc; path = MPCHandler.m; sourceTree = "<group>"; };
		27984C4218E7256100A19A43 /* CanvasViewController.h */ = {isa = PBXFileReference; fileEncoding = 4; lastKnownFileType = sourcecode.c.h; path = CanvasViewController.h; sourceTree = "<group>"; };
		27984C4318E7256100A19A43 /* CanvasViewController.m */ = {isa = PBXFileReference; fileEncoding = 4; lastKnownFileType = sourcecode.c.objc; path = CanvasViewController.m; sourceTree = "<group>"; };
		27B0467F1900261D0062C302 /* NKOColorPickerView.h */ = {isa = PBXFileReference; fileEncoding = 4; lastKnownFileType = sourcecode.c.h; path = NKOColorPickerView.h; sourceTree = "<group>"; };
		27B046801900261D0062C302 /* NKOColorPickerView.m */ = {isa = PBXFileReference; fileEncoding = 4; lastKnownFileType = sourcecode.c.objc; path = NKOColorPickerView.m; sourceTree = "<group>"; };
		27B04683190026250062C302 /* nko_brightness_guide.png */ = {isa = PBXFileReference; lastKnownFileType = image.png; path = nko_brightness_guide.png; sourceTree = "<group>"; };
		27B04684190026250062C302 /* nko_brightness_guide@2x.png */ = {isa = PBXFileReference; lastKnownFileType = image.png; path = "nko_brightness_guide@2x.png"; sourceTree = "<group>"; };
		27B04685190026250062C302 /* nko_colormap.png */ = {isa = PBXFileReference; lastKnownFileType = image.png; path = nko_colormap.png; sourceTree = "<group>"; };
		27B0468A19002E530062C302 /* WYPopoverController.h */ = {isa = PBXFileReference; fileEncoding = 4; lastKnownFileType = sourcecode.c.h; path = WYPopoverController.h; sourceTree = "<group>"; };
		27B0468B19002E530062C302 /* WYPopoverController.m */ = {isa = PBXFileReference; fileEncoding = 4; lastKnownFileType = sourcecode.c.objc; path = WYPopoverController.m; sourceTree = "<group>"; };
		27B0468C19002E530062C302 /* WYStoryboardPopoverSegue.h */ = {isa = PBXFileReference; fileEncoding = 4; lastKnownFileType = sourcecode.c.h; path = WYStoryboardPopoverSegue.h; sourceTree = "<group>"; };
		27B0468D19002E530062C302 /* WYStoryboardPopoverSegue.m */ = {isa = PBXFileReference; fileEncoding = 4; lastKnownFileType = sourcecode.c.objc; path = WYStoryboardPopoverSegue.m; sourceTree = "<group>"; };
		27B0469619004BF40062C302 /* Reply@2x.png */ = {isa = PBXFileReference; lastKnownFileType = image.png; path = "Reply@2x.png"; sourceTree = "<group>"; };
		27B0469819004C090062C302 /* Trash@2x.png */ = {isa = PBXFileReference; lastKnownFileType = image.png; path = "Trash@2x.png"; sourceTree = "<group>"; };
		27B0469A19004C230062C302 /* Mobile_Signal@2x.png */ = {isa = PBXFileReference; lastKnownFileType = image.png; path = "Mobile_Signal@2x.png"; sourceTree = "<group>"; };
		27B0469E19004C380062C302 /* Download@2x.png */ = {isa = PBXFileReference; lastKnownFileType = image.png; path = "Download@2x.png"; sourceTree = "<group>"; };
		27B046A019004C900062C302 /* Download.png */ = {isa = PBXFileReference; lastKnownFileType = image.png; path = Download.png; sourceTree = "<group>"; };
		27B046A219004C9B0062C302 /* Mobile_Signal.png */ = {isa = PBXFileReference; lastKnownFileType = image.png; path = Mobile_Signal.png; sourceTree = "<group>"; };
		27B046A419004CA20062C302 /* Reply.png */ = {isa = PBXFileReference; lastKnownFileType = image.png; path = Reply.png; sourceTree = "<group>"; };
		27B046A819004CAF0062C302 /* Trash.png */ = {isa = PBXFileReference; lastKnownFileType = image.png; path = Trash.png; sourceTree = "<group>"; };
		442C153218EDE990009D043C /* OptionViewController.h */ = {isa = PBXFileReference; fileEncoding = 4; lastKnownFileType = sourcecode.c.h; path = OptionViewController.h; sourceTree = "<group>"; };
		442C153318EDE990009D043C /* OptionViewController.m */ = {isa = PBXFileReference; fileEncoding = 4; lastKnownFileType = sourcecode.c.objc; path = OptionViewController.m; sourceTree = "<group>"; };
/* End PBXFileReference section */

/* Begin PBXFrameworksBuildPhase section */
		07DCCB6518E46A66004A786C /* Frameworks */ = {
			isa = PBXFrameworksBuildPhase;
			buildActionMask = 2147483647;
			files = (
				27802A2918F74A1300B84189 /* libz.dylib in Frameworks */,
				0799189B18EDE38F00A4CC3C /* CoreMotion.framework in Frameworks */,
				0706117618E5F09A00CEE8AD /* CoreText.framework in Frameworks */,
				07DCCB6E18E46A66004A786C /* CoreGraphics.framework in Frameworks */,
				07DCCB7218E46A66004A786C /* CoreData.framework in Frameworks */,
				07DCCB7018E46A66004A786C /* UIKit.framework in Frameworks */,
				07DCCB6C18E46A66004A786C /* Foundation.framework in Frameworks */,
			);
			runOnlyForDeploymentPostprocessing = 0;
		};
		07DCCB8518E46A66004A786C /* Frameworks */ = {
			isa = PBXFrameworksBuildPhase;
			buildActionMask = 2147483647;
			files = (
				07DCCB8A18E46A66004A786C /* XCTest.framework in Frameworks */,
				07DCCB8D18E46A66004A786C /* CoreData.framework in Frameworks */,
				07DCCB8C18E46A66004A786C /* UIKit.framework in Frameworks */,
				07DCCB8B18E46A66004A786C /* Foundation.framework in Frameworks */,
			);
			runOnlyForDeploymentPostprocessing = 0;
		};
/* End PBXFrameworksBuildPhase section */

/* Begin PBXGroup section */
		079918A318EDECF100A4CC3C /* Views */ = {
			isa = PBXGroup;
			children = (
				0799189F18EDE7B700A4CC3C /* PRYColorPicker.h */,
				079918A018EDE7B700A4CC3C /* PRYColorPicker.m */,
				277D70A518FF588900B428F6 /* CanvasScrollView.h */,
				277D70A618FF588900B428F6 /* CanvasScrollView.m */,
			);
			name = Views;
			sourceTree = "<group>";
		};
		07DCCB5F18E46A66004A786C = {
			isa = PBXGroup;
			children = (
				07DCCB7318E46A66004A786C /* DrawingBoard */,
				07DCCB9018E46A66004A786C /* DrawingBoardTests */,
				07DCCB6A18E46A66004A786C /* Frameworks */,
				07DCCB6918E46A66004A786C /* Products */,
			);
			sourceTree = "<group>";
		};
		07DCCB6918E46A66004A786C /* Products */ = {
			isa = PBXGroup;
			children = (
				07DCCB6818E46A66004A786C /* DrawingBoard.app */,
				07DCCB8818E46A66004A786C /* DrawingBoardTests.xctest */,
			);
			name = Products;
			sourceTree = "<group>";
		};
		07DCCB6A18E46A66004A786C /* Frameworks */ = {
			isa = PBXGroup;
			children = (
				27802A2818F74A1300B84189 /* libz.dylib */,
				27802A2018F744BB00B84189 /* libbz2.dylib */,
				0799189A18EDE38F00A4CC3C /* CoreMotion.framework */,
				0706117518E5F09A00CEE8AD /* CoreText.framework */,
				07DCCB6B18E46A66004A786C /* Foundation.framework */,
				07DCCB6D18E46A66004A786C /* CoreGraphics.framework */,
				07DCCB6F18E46A66004A786C /* UIKit.framework */,
				07DCCB7118E46A66004A786C /* CoreData.framework */,
				07DCCB8918E46A66004A786C /* XCTest.framework */,
			);
			name = Frameworks;
			sourceTree = "<group>";
		};
		07DCCB7318E46A66004A786C /* DrawingBoard */ = {
			isa = PBXGroup;
			children = (
				277D70AA18FF627600B428F6 /* iPad */,
				07DCCB7C18E46A66004A786C /* AppDelegate.h */,
				07DCCB7D18E46A66004A786C /* AppDelegate.m */,
				2712E44818F71E010007AB92 /* Object */,
				27B0267318F08716007E374E /* Helper Classes */,
				079918A318EDECF100A4CC3C /* Views */,
				27984C4518E7256700A19A43 /* ViewControllers */,
				27B04691190049160062C302 /* Icons */,
				07DCCBA018E46A88004A786C /* MainStoryboard.storyboard */,
				277D70AB18FF629700B428F6 /* MainiPadStoryboard.storyboard */,
				07DCCB7F18E46A66004A786C /* DrawingBoard.xcdatamodeld */,
				07DCCB8218E46A66004A786C /* Images.xcassets */,
				07DCCB7418E46A66004A786C /* Supporting Files */,
			);
			path = DrawingBoard;
			sourceTree = "<group>";
		};
		07DCCB7418E46A66004A786C /* Supporting Files */ = {
			isa = PBXGroup;
			children = (
				07DCCB7518E46A66004A786C /* DrawingBoard-Info.plist */,
				07DCCB7618E46A66004A786C /* InfoPlist.strings */,
				07DCCB7918E46A66004A786C /* main.m */,
				07DCCB7B18E46A66004A786C /* DrawingBoard-Prefix.pch */,
			);
			name = "Supporting Files";
			sourceTree = "<group>";
		};
		07DCCB9018E46A66004A786C /* DrawingBoardTests */ = {
			isa = PBXGroup;
			children = (
				07DCCB9618E46A66004A786C /* DrawingBoardTests.m */,
				07DCCB9118E46A66004A786C /* Supporting Files */,
			);
			path = DrawingBoardTests;
			sourceTree = "<group>";
		};
		07DCCB9118E46A66004A786C /* Supporting Files */ = {
			isa = PBXGroup;
			children = (
				07DCCB9218E46A66004A786C /* DrawingBoardTests-Info.plist */,
				07DCCB9318E46A66004A786C /* InfoPlist.strings */,
			);
			name = "Supporting Files";
			sourceTree = "<group>";
		};
		2712E44818F71E010007AB92 /* Object */ = {
			isa = PBXGroup;
			children = (
				27802A1A18F72EDE00B84189 /* FancyPoint.h */,
				27802A1B18F72EDE00B84189 /* FancyPoint.m */,
			);
			name = Object;
			sourceTree = "<group>";
		};
		277D70AA18FF627600B428F6 /* iPad */ = {
			isa = PBXGroup;
			children = (
			);
			name = iPad;
			sourceTree = "<group>";
		};
		27802A2A18F7564F00B84189 /* UIAlertView+Blocks */ = {
			isa = PBXGroup;
			children = (
				27802A2B18F7566300B84189 /* RIButtonItem.h */,
				27802A2C18F7566300B84189 /* RIButtonItem.m */,
				27802A2D18F7566300B84189 /* UIActionSheet+Blocks.h */,
				27802A2E18F7566300B84189 /* UIActionSheet+Blocks.m */,
				27802A2F18F7566300B84189 /* UIAlertView+Blocks.h */,
				27802A3018F7566300B84189 /* UIAlertView+Blocks.m */,
			);
			name = "UIAlertView+Blocks";
			sourceTree = "<group>";
		};
		27984C4518E7256700A19A43 /* ViewControllers */ = {
			isa = PBXGroup;
			children = (
				07DCCBA218E472E8004A786C /* SplashViewController.h */,
				07DCCBA318E472E8004A786C /* SplashViewController.m */,
				27984C4218E7256100A19A43 /* CanvasViewController.h */,
				27984C4318E7256100A19A43 /* CanvasViewController.m */,
				442C153218EDE990009D043C /* OptionViewController.h */,
				442C153318EDE990009D043C /* OptionViewController.m */,
			);
			name = ViewControllers;
			sourceTree = "<group>";
		};
		27B0267318F08716007E374E /* Helper Classes */ = {
			isa = PBXGroup;
			children = (
				27B0469019002E560062C302 /* WYPopoverController */,
				27B04689190026280062C302 /* ColorPicker */,
				27802A2A18F7564F00B84189 /* UIAlertView+Blocks */,
				2780524818EDF84C009C1B21 /* MPCHandler.h */,
				2780524918EDF84C009C1B21 /* MPCHandler.m */,
				2716694C19017FB1008082C9 /* NSData+Godzippa.h */,
				2716694D19017FB1008082C9 /* NSData+Godzippa.m */,
			);
			name = "Helper Classes";
			sourceTree = "<group>";
		};
		27B04682190026250062C302 /* Assets */ = {
			isa = PBXGroup;
			children = (
				27B04683190026250062C302 /* nko_brightness_guide.png */,
				27B04684190026250062C302 /* nko_brightness_guide@2x.png */,
				27B04685190026250062C302 /* nko_colormap.png */,
			);
			path = Assets;
			sourceTree = "<group>";
		};
		27B04689190026280062C302 /* ColorPicker */ = {
			isa = PBXGroup;
			children = (
				27B0467F1900261D0062C302 /* NKOColorPickerView.h */,
				27B046801900261D0062C302 /* NKOColorPickerView.m */,
				27B04682190026250062C302 /* Assets */,
			);
			name = ColorPicker;
			sourceTree = "<group>";
		};
		27B0469019002E560062C302 /* WYPopoverController */ = {
			isa = PBXGroup;
			children = (
				27B0468A19002E530062C302 /* WYPopoverController.h */,
				27B0468B19002E530062C302 /* WYPopoverController.m */,
				27B0468C19002E530062C302 /* WYStoryboardPopoverSegue.h */,
				27B0468D19002E530062C302 /* WYStoryboardPopoverSegue.m */,
			);
			name = WYPopoverController;
			sourceTree = "<group>";
		};
		27B04691190049160062C302 /* Icons */ = {
			isa = PBXGroup;
			children = (
				27B046A419004CA20062C302 /* Reply.png */,
				27B0469619004BF40062C302 /* Reply@2x.png */,
				27166944190058B2008082C9 /* ColorPicker.png */,
				27166945190058B2008082C9 /* ColorPicker@2x.png */,
				27B046A019004C900062C302 /* Download.png */,
				27B0469E19004C380062C302 /* Download@2x.png */,
				27B046A219004C9B0062C302 /* Mobile_Signal.png */,
				27B0469A19004C230062C302 /* Mobile_Signal@2x.png */,
				27B046A819004CAF0062C302 /* Trash.png */,
				27B0469819004C090062C302 /* Trash@2x.png */,
			);
			name = Icons;
			sourceTree = "<group>";
		};
/* End PBXGroup section */

/* Begin PBXNativeTarget section */
		07DCCB6718E46A66004A786C /* DrawingBoard */ = {
			isa = PBXNativeTarget;
			buildConfigurationList = 07DCCB9A18E46A66004A786C /* Build configuration list for PBXNativeTarget "DrawingBoard" */;
			buildPhases = (
				07DCCB6418E46A66004A786C /* Sources */,
				07DCCB6518E46A66004A786C /* Frameworks */,
				07DCCB6618E46A66004A786C /* Resources */,
			);
			buildRules = (
			);
			dependencies = (
			);
			name = DrawingBoard;
			productName = DrawingBoard;
			productReference = 07DCCB6818E46A66004A786C /* DrawingBoard.app */;
			productType = "com.apple.product-type.application";
		};
		07DCCB8718E46A66004A786C /* DrawingBoardTests */ = {
			isa = PBXNativeTarget;
			buildConfigurationList = 07DCCB9D18E46A66004A786C /* Build configuration list for PBXNativeTarget "DrawingBoardTests" */;
			buildPhases = (
				07DCCB8418E46A66004A786C /* Sources */,
				07DCCB8518E46A66004A786C /* Frameworks */,
				07DCCB8618E46A66004A786C /* Resources */,
			);
			buildRules = (
			);
			dependencies = (
				07DCCB8F18E46A66004A786C /* PBXTargetDependency */,
			);
			name = DrawingBoardTests;
			productName = DrawingBoardTests;
			productReference = 07DCCB8818E46A66004A786C /* DrawingBoardTests.xctest */;
			productType = "com.apple.product-type.bundle.unit-test";
		};
/* End PBXNativeTarget section */

/* Begin PBXProject section */
		07DCCB6018E46A66004A786C /* Project object */ = {
			isa = PBXProject;
			attributes = {
				LastUpgradeCheck = 0510;
				ORGANIZATIONNAME = "Eric Schlanger";
				TargetAttributes = {
					07DCCB6718E46A66004A786C = {
						DevelopmentTeam = S2A7VU3Z75;
					};
					07DCCB8718E46A66004A786C = {
						TestTargetID = 07DCCB6718E46A66004A786C;
					};
				};
			};
			buildConfigurationList = 07DCCB6318E46A66004A786C /* Build configuration list for PBXProject "DrawingBoard" */;
			compatibilityVersion = "Xcode 3.2";
			developmentRegion = English;
			hasScannedForEncodings = 0;
			knownRegions = (
				en,
			);
			mainGroup = 07DCCB5F18E46A66004A786C;
			productRefGroup = 07DCCB6918E46A66004A786C /* Products */;
			projectDirPath = "";
			projectRoot = "";
			targets = (
				07DCCB6718E46A66004A786C /* DrawingBoard */,
				07DCCB8718E46A66004A786C /* DrawingBoardTests */,
			);
		};
/* End PBXProject section */

/* Begin PBXResourcesBuildPhase section */
		07DCCB6618E46A66004A786C /* Resources */ = {
			isa = PBXResourcesBuildPhase;
			buildActionMask = 2147483647;
			files = (
				27B0469B19004C230062C302 /* Mobile_Signal@2x.png in Resources */,
				27B046A319004C9B0062C302 /* Mobile_Signal.png in Resources */,
				27B0469F19004C380062C302 /* Download@2x.png in Resources */,
				27B0469719004BF40062C302 /* Reply@2x.png in Resources */,
				27166948190058B2008082C9 /* ColorPicker.png in Resources */,
				27B046A919004CAF0062C302 /* Trash.png in Resources */,
				07DCCBA118E46A88004A786C /* MainStoryboard.storyboard in Resources */,
				277D70AC18FF629700B428F6 /* MainiPadStoryboard.storyboard in Resources */,
				27B04686190026250062C302 /* nko_brightness_guide.png in Resources */,
				27B046A519004CA20062C302 /* Reply.png in Resources */,
				27166949190058B2008082C9 /* ColorPicker@2x.png in Resources */,
				27B04687190026250062C302 /* nko_brightness_guide@2x.png in Resources */,
				27B0469919004C090062C302 /* Trash@2x.png in Resources */,
				07DCCB7818E46A66004A786C /* InfoPlist.strings in Resources */,
				07DCCB8318E46A66004A786C /* Images.xcassets in Resources */,
				27B046A119004C900062C302 /* Download.png in Resources */,
				27B04688190026250062C302 /* nko_colormap.png in Resources */,
			);
			runOnlyForDeploymentPostprocessing = 0;
		};
		07DCCB8618E46A66004A786C /* Resources */ = {
			isa = PBXResourcesBuildPhase;
			buildActionMask = 2147483647;
			files = (
				07DCCB9518E46A66004A786C /* InfoPlist.strings in Resources */,
			);
			runOnlyForDeploymentPostprocessing = 0;
		};
/* End PBXResourcesBuildPhase section */

/* Begin PBXSourcesBuildPhase section */
		07DCCB6418E46A66004A786C /* Sources */ = {
			isa = PBXSourcesBuildPhase;
			buildActionMask = 2147483647;
			files = (
				27802A3118F7566300B84189 /* RIButtonItem.m in Sources */,
				2716694E19017FB1008082C9 /* NSData+Godzippa.m in Sources */,
				27B0468F19002E530062C302 /* WYStoryboardPopoverSegue.m in Sources */,
				27B046811900261D0062C302 /* NKOColorPickerView.m in Sources */,
				27802A3218F7566300B84189 /* UIActionSheet+Blocks.m in Sources */,
				07DCCB7E18E46A66004A786C /* AppDelegate.m in Sources */,
				277D70A718FF588900B428F6 /* CanvasScrollView.m in Sources */,
				2780524A18EDF84C009C1B21 /* MPCHandler.m in Sources */,
				079918A118EDE7B700A4CC3C /* PRYColorPicker.m in Sources */,
				27B0468E19002E530062C302 /* WYPopoverController.m in Sources */,
				07DCCB8118E46A66004A786C /* DrawingBoard.xcdatamodeld in Sources */,
				442C153418EDE990009D043C /* OptionViewController.m in Sources */,
				27984C4418E7256100A19A43 /* CanvasViewController.m in Sources */,
				27802A1C18F72EDE00B84189 /* FancyPoint.m in Sources */,
				27802A3318F7566300B84189 /* UIAlertView+Blocks.m in Sources */,
				07DCCB7A18E46A66004A786C /* main.m in Sources */,
				07DCCBA418E472E8004A786C /* SplashViewController.m in Sources */,
			);
			runOnlyForDeploymentPostprocessing = 0;
		};
		07DCCB8418E46A66004A786C /* Sources */ = {
			isa = PBXSourcesBuildPhase;
			buildActionMask = 2147483647;
			files = (
				07DCCB9718E46A66004A786C /* DrawingBoardTests.m in Sources */,
			);
			runOnlyForDeploymentPostprocessing = 0;
		};
/* End PBXSourcesBuildPhase section */

/* Begin PBXTargetDependency section */
		07DCCB8F18E46A66004A786C /* PBXTargetDependency */ = {
			isa = PBXTargetDependency;
			target = 07DCCB6718E46A66004A786C /* DrawingBoard */;
			targetProxy = 07DCCB8E18E46A66004A786C /* PBXContainerItemProxy */;
		};
/* End PBXTargetDependency section */

/* Begin PBXVariantGroup section */
		07DCCB7618E46A66004A786C /* InfoPlist.strings */ = {
			isa = PBXVariantGroup;
			children = (
				07DCCB7718E46A66004A786C /* en */,
			);
			name = InfoPlist.strings;
			sourceTree = "<group>";
		};
		07DCCB9318E46A66004A786C /* InfoPlist.strings */ = {
			isa = PBXVariantGroup;
			children = (
				07DCCB9418E46A66004A786C /* en */,
			);
			name = InfoPlist.strings;
			sourceTree = "<group>";
		};
/* End PBXVariantGroup section */

/* Begin XCBuildConfiguration section */
		07DCCB9818E46A66004A786C /* Debug */ = {
			isa = XCBuildConfiguration;
			buildSettings = {
				ALWAYS_SEARCH_USER_PATHS = NO;
				CLANG_CXX_LANGUAGE_STANDARD = "gnu++0x";
				CLANG_CXX_LIBRARY = "libc++";
				CLANG_ENABLE_MODULES = YES;
				CLANG_ENABLE_OBJC_ARC = YES;
				CLANG_WARN_BOOL_CONVERSION = YES;
				CLANG_WARN_CONSTANT_CONVERSION = YES;
				CLANG_WARN_DIRECT_OBJC_ISA_USAGE = YES_ERROR;
				CLANG_WARN_EMPTY_BODY = YES;
				CLANG_WARN_ENUM_CONVERSION = YES;
				CLANG_WARN_INT_CONVERSION = YES;
				CLANG_WARN_OBJC_ROOT_CLASS = YES_ERROR;
				CLANG_WARN__DUPLICATE_METHOD_MATCH = YES;
				"CODE_SIGN_IDENTITY[sdk=iphoneos*]" = "iPhone Developer";
				COPY_PHASE_STRIP = NO;
				GCC_C_LANGUAGE_STANDARD = gnu99;
				GCC_DYNAMIC_NO_PIC = NO;
				GCC_OPTIMIZATION_LEVEL = 0;
				GCC_PREPROCESSOR_DEFINITIONS = (
					"DEBUG=1",
					"$(inherited)",
				);
				GCC_SYMBOLS_PRIVATE_EXTERN = NO;
				GCC_WARN_64_TO_32_BIT_CONVERSION = YES;
				GCC_WARN_ABOUT_RETURN_TYPE = YES_ERROR;
				GCC_WARN_UNDECLARED_SELECTOR = YES;
				GCC_WARN_UNINITIALIZED_AUTOS = YES_AGGRESSIVE;
				GCC_WARN_UNUSED_FUNCTION = YES;
				GCC_WARN_UNUSED_VARIABLE = YES;
				IPHONEOS_DEPLOYMENT_TARGET = 7.1;
				ONLY_ACTIVE_ARCH = YES;
				PROVISIONING_PROFILE = "9B8131D6-F2ED-409B-8C2E-3B8BFDBB2528";
				SDKROOT = iphoneos;
			};
			name = Debug;
		};
		07DCCB9918E46A66004A786C /* Release */ = {
			isa = XCBuildConfiguration;
			buildSettings = {
				ALWAYS_SEARCH_USER_PATHS = NO;
				CLANG_CXX_LANGUAGE_STANDARD = "gnu++0x";
				CLANG_CXX_LIBRARY = "libc++";
				CLANG_ENABLE_MODULES = YES;
				CLANG_ENABLE_OBJC_ARC = YES;
				CLANG_WARN_BOOL_CONVERSION = YES;
				CLANG_WARN_CONSTANT_CONVERSION = YES;
				CLANG_WARN_DIRECT_OBJC_ISA_USAGE = YES_ERROR;
				CLANG_WARN_EMPTY_BODY = YES;
				CLANG_WARN_ENUM_CONVERSION = YES;
				CLANG_WARN_INT_CONVERSION = YES;
				CLANG_WARN_OBJC_ROOT_CLASS = YES_ERROR;
				CLANG_WARN__DUPLICATE_METHOD_MATCH = YES;
				"CODE_SIGN_IDENTITY[sdk=iphoneos*]" = "iPhone Developer";
				COPY_PHASE_STRIP = YES;
				ENABLE_NS_ASSERTIONS = NO;
				GCC_C_LANGUAGE_STANDARD = gnu99;
				GCC_WARN_64_TO_32_BIT_CONVERSION = YES;
				GCC_WARN_ABOUT_RETURN_TYPE = YES_ERROR;
				GCC_WARN_UNDECLARED_SELECTOR = YES;
				GCC_WARN_UNINITIALIZED_AUTOS = YES_AGGRESSIVE;
				GCC_WARN_UNUSED_FUNCTION = YES;
				GCC_WARN_UNUSED_VARIABLE = YES;
				IPHONEOS_DEPLOYMENT_TARGET = 7.1;
				PROVISIONING_PROFILE = "9B8131D6-F2ED-409B-8C2E-3B8BFDBB2528";
				SDKROOT = iphoneos;
				VALIDATE_PRODUCT = YES;
			};
			name = Release;
		};
		07DCCB9B18E46A66004A786C /* Debug */ = {
			isa = XCBuildConfiguration;
			buildSettings = {
				ASSETCATALOG_COMPILER_APPICON_NAME = AppIcon;
				ASSETCATALOG_COMPILER_LAUNCHIMAGE_NAME = LaunchImage;
				CODE_SIGN_IDENTITY = "iPhone Developer";
				"CODE_SIGN_IDENTITY[sdk=iphoneos*]" = "iPhone Developer";
				GCC_PRECOMPILE_PREFIX_HEADER = YES;
				GCC_PREFIX_HEADER = "DrawingBoard/DrawingBoard-Prefix.pch";
				INFOPLIST_FILE = "DrawingBoard/DrawingBoard-Info.plist";
				IPHONEOS_DEPLOYMENT_TARGET = 7.1;
				PRODUCT_NAME = "$(TARGET_NAME)";
				PROVISIONING_PROFILE = "";
				TARGETED_DEVICE_FAMILY = "1,2";
				WRAPPER_EXTENSION = app;
			};
			name = Debug;
		};
		07DCCB9C18E46A66004A786C /* Release */ = {
			isa = XCBuildConfiguration;
			buildSettings = {
				ASSETCATALOG_COMPILER_APPICON_NAME = AppIcon;
				ASSETCATALOG_COMPILER_LAUNCHIMAGE_NAME = LaunchImage;
				CODE_SIGN_IDENTITY = "iPhone Developer";
				"CODE_SIGN_IDENTITY[sdk=iphoneos*]" = "iPhone Developer";
				GCC_PRECOMPILE_PREFIX_HEADER = YES;
				GCC_PREFIX_HEADER = "DrawingBoard/DrawingBoard-Prefix.pch";
				INFOPLIST_FILE = "DrawingBoard/DrawingBoard-Info.plist";
				IPHONEOS_DEPLOYMENT_TARGET = 7.1;
				PRODUCT_NAME = "$(TARGET_NAME)";
				PROVISIONING_PROFILE = "";
				TARGETED_DEVICE_FAMILY = "1,2";
				WRAPPER_EXTENSION = app;
			};
			name = Release;
		};
		07DCCB9E18E46A66004A786C /* Debug */ = {
			isa = XCBuildConfiguration;
			buildSettings = {
				BUNDLE_LOADER = "$(BUILT_PRODUCTS_DIR)/DrawingBoard.app/DrawingBoard";
				FRAMEWORK_SEARCH_PATHS = (
					"$(SDKROOT)/Developer/Library/Frameworks",
					"$(inherited)",
					"$(DEVELOPER_FRAMEWORKS_DIR)",
				);
				GCC_PRECOMPILE_PREFIX_HEADER = YES;
				GCC_PREFIX_HEADER = "DrawingBoard/DrawingBoard-Prefix.pch";
				GCC_PREPROCESSOR_DEFINITIONS = (
					"DEBUG=1",
					"$(inherited)",
				);
				INFOPLIST_FILE = "DrawingBoardTests/DrawingBoardTests-Info.plist";
				PRODUCT_NAME = "$(TARGET_NAME)";
				TEST_HOST = "$(BUNDLE_LOADER)";
				WRAPPER_EXTENSION = xctest;
			};
			name = Debug;
		};
		07DCCB9F18E46A66004A786C /* Release */ = {
			isa = XCBuildConfiguration;
			buildSettings = {
				BUNDLE_LOADER = "$(BUILT_PRODUCTS_DIR)/DrawingBoard.app/DrawingBoard";
				FRAMEWORK_SEARCH_PATHS = (
					"$(SDKROOT)/Developer/Library/Frameworks",
					"$(inherited)",
					"$(DEVELOPER_FRAMEWORKS_DIR)",
				);
				GCC_PRECOMPILE_PREFIX_HEADER = YES;
				GCC_PREFIX_HEADER = "DrawingBoard/DrawingBoard-Prefix.pch";
				INFOPLIST_FILE = "DrawingBoardTests/DrawingBoardTests-Info.plist";
				PRODUCT_NAME = "$(TARGET_NAME)";
				TEST_HOST = "$(BUNDLE_LOADER)";
				WRAPPER_EXTENSION = xctest;
			};
			name = Release;
		};
/* End XCBuildConfiguration section */

/* Begin XCConfigurationList section */
		07DCCB6318E46A66004A786C /* Build configuration list for PBXProject "DrawingBoard" */ = {
			isa = XCConfigurationList;
			buildConfigurations = (
				07DCCB9818E46A66004A786C /* Debug */,
				07DCCB9918E46A66004A786C /* Release */,
			);
			defaultConfigurationIsVisible = 0;
			defaultConfigurationName = Release;
		};
		07DCCB9A18E46A66004A786C /* Build configuration list for PBXNativeTarget "DrawingBoard" */ = {
			isa = XCConfigurationList;
			buildConfigurations = (
				07DCCB9B18E46A66004A786C /* Debug */,
				07DCCB9C18E46A66004A786C /* Release */,
			);
			defaultConfigurationIsVisible = 0;
			defaultConfigurationName = Release;
		};
		07DCCB9D18E46A66004A786C /* Build configuration list for PBXNativeTarget "DrawingBoardTests" */ = {
			isa = XCConfigurationList;
			buildConfigurations = (
				07DCCB9E18E46A66004A786C /* Debug */,
				07DCCB9F18E46A66004A786C /* Release */,
			);
			defaultConfigurationIsVisible = 0;
			defaultConfigurationName = Release;
		};
/* End XCConfigurationList section */

/* Begin XCVersionGroup section */
		07DCCB7F18E46A66004A786C /* DrawingBoard.xcdatamodeld */ = {
			isa = XCVersionGroup;
			children = (
				07DCCB8018E46A66004A786C /* DrawingBoard.xcdatamodel */,
			);
			currentVersion = 07DCCB8018E46A66004A786C /* DrawingBoard.xcdatamodel */;
			path = DrawingBoard.xcdatamodeld;
			sourceTree = "<group>";
			versionGroupType = wrapper.xcdatamodel;
		};
/* End XCVersionGroup section */
	};
	rootObject = 07DCCB6018E46A66004A786C /* Project object */;
}
